
Microsoft Visual Studio Solution File, Format Version 12.00
# Visual Studio Version 16
VisualStudioVersion = 16.0.29020.237
MinimumVisualStudioVersion = 10.0.40219.1
Project("{FAE04EC0-301F-11D3-BF4B-00C04F79EFBC}") = "HS", "HS\HS.csproj", "{9334D517-C371-4D8A-BC20-082DE3238707}"
	ProjectSection(ProjectDependencies) = postProject
		{5E813A54-37ED-4E30-B311-D509DA5343BF} = {5E813A54-37ED-4E30-B311-D509DA5343BF}
		{32FFC56E-55F0-4019-904D-D1E23976FF07} = {32FFC56E-55F0-4019-904D-D1E23976FF07}
		{75C093A6-4020-4537-A74E-B179F03C2F0F} = {75C093A6-4020-4537-A74E-B179F03C2F0F}
		{6087FCAE-70B5-4FA9-8DB6-878244FDCA26} = {6087FCAE-70B5-4FA9-8DB6-878244FDCA26}
	EndProjectSection
EndProject
Project("{FAE04EC0-301F-11D3-BF4B-00C04F79EFBC}") = "BaseLib", "BaseLib\BaseLib.csproj", "{23D8B17A-DC1B-4E0C-954C-BD64127EAD1A}"
	ProjectSection(ProjectDependencies) = postProject
		{5E813A54-37ED-4E30-B311-D509DA5343BF} = {5E813A54-37ED-4E30-B311-D509DA5343BF}
		{32FFC56E-55F0-4019-904D-D1E23976FF07} = {32FFC56E-55F0-4019-904D-D1E23976FF07}
	EndProjectSection
EndProject
Project("{FAE04EC0-301F-11D3-BF4B-00C04F79EFBC}") = "DefineLib", "DefineLib\DefineLib.csproj", "{5E813A54-37ED-4E30-B311-D509DA5343BF}"
EndProject
Project("{FAE04EC0-301F-11D3-BF4B-00C04F79EFBC}") = "FunctionUC", "FunctionUC\FunctionUC.csproj", "{6087FCAE-70B5-4FA9-8DB6-878244FDCA26}"
	ProjectSection(ProjectDependencies) = postProject
		{5E813A54-37ED-4E30-B311-D509DA5343BF} = {5E813A54-37ED-4E30-B311-D509DA5343BF}
		{32FFC56E-55F0-4019-904D-D1E23976FF07} = {32FFC56E-55F0-4019-904D-D1E23976FF07}
		{75C093A6-4020-4537-A74E-B179F03C2F0F} = {75C093A6-4020-4537-A74E-B179F03C2F0F}
	EndProjectSection
EndProject
Project("{FAE04EC0-301F-11D3-BF4B-00C04F79EFBC}") = "NetworkLib", "NetworkLib\NetworkLib.csproj", "{75C093A6-4020-4537-A74E-B179F03C2F0F}"
	ProjectSection(ProjectDependencies) = postProject
		{5E813A54-37ED-4E30-B311-D509DA5343BF} = {5E813A54-37ED-4E30-B311-D509DA5343BF}
		{32FFC56E-55F0-4019-904D-D1E23976FF07} = {32FFC56E-55F0-4019-904D-D1E23976FF07}
		{23D8B17A-DC1B-4E0C-954C-BD64127EAD1A} = {23D8B17A-DC1B-4E0C-954C-BD64127EAD1A}
	EndProjectSection
EndProject
Project("{FAE04EC0-301F-11D3-BF4B-00C04F79EFBC}") = "ShareLib", "ShareLib\ShareLib.csproj", "{32FFC56E-55F0-4019-904D-D1E23976FF07}"
	ProjectSection(ProjectDependencies) = postProject
		{5E813A54-37ED-4E30-B311-D509DA5343BF} = {5E813A54-37ED-4E30-B311-D509DA5343BF}
	EndProjectSection
EndProject
Global
	GlobalSection(SolutionConfigurationPlatforms) = preSolution
		Debug|Any CPU = Debug|Any CPU
		Release|Any CPU = Release|Any CPU
	EndGlobalSection
	GlobalSection(ProjectConfigurationPlatforms) = postSolution
		{9334D517-C371-4D8A-BC20-082DE3238707}.Debug|Any CPU.ActiveCfg = Debug|Any CPU
		{9334D517-C371-4D8A-BC20-082DE3238707}.Debug|Any CPU.Build.0 = Debug|Any CPU
		{9334D517-C371-4D8A-BC20-082DE3238707}.Release|Any CPU.ActiveCfg = Release|Any CPU
		{9334D517-C371-4D8A-BC20-082DE3238707}.Release|Any CPU.Build.0 = Release|Any CPU
		{23D8B17A-DC1B-4E0C-954C-BD64127EAD1A}.Debug|Any CPU.ActiveCfg = Debug|Any CPU
		{23D8B17A-DC1B-4E0C-954C-BD64127EAD1A}.Debug|Any CPU.Build.0 = Debug|Any CPU
		{23D8B17A-DC1B-4E0C-954C-BD64127EAD1A}.Release|Any CPU.ActiveCfg = Release|Any CPU
		{23D8B17A-DC1B-4E0C-954C-BD64127EAD1A}.Release|Any CPU.Build.0 = Release|Any CPU
		{5E813A54-37ED-4E30-B311-D509DA5343BF}.Debug|Any CPU.ActiveCfg = Debug|Any CPU
		{5E813A54-37ED-4E30-B311-D509DA5343BF}.Debug|Any CPU.Build.0 = Debug|Any CPU
		{5E813A54-37ED-4E30-B311-D509DA5343BF}.Release|Any CPU.ActiveCfg = Release|Any CPU
		{5E813A54-37ED-4E30-B311-D509DA5343BF}.Release|Any CPU.Build.0 = Release|Any CPU
		{6087FCAE-70B5-4FA9-8DB6-878244FDCA26}.Debug|Any CPU.ActiveCfg = Debug|Any CPU
		{6087FCAE-70B5-4FA9-8DB6-878244FDCA26}.Debug|Any CPU.Build.0 = Debug|Any CPU
		{6087FCAE-70B5-4FA9-8DB6-878244FDCA26}.Release|Any CPU.ActiveCfg = Release|Any CPU
		{6087FCAE-70B5-4FA9-8DB6-878244FDCA26}.Release|Any CPU.Build.0 = Release|Any CPU
		{75C093A6-4020-4537-A74E-B179F03C2F0F}.Debug|Any CPU.ActiveCfg = Debug|Any CPU
		{75C093A6-4020-4537-A74E-B179F03C2F0F}.Debug|Any CPU.Build.0 = Debug|Any CPU
		{75C093A6-4020-4537-A74E-B179F03C2F0F}.Release|Any CPU.ActiveCfg = Release|Any CPU
		{75C093A6-4020-4537-A74E-B179F03C2F0F}.Release|Any CPU.Build.0 = Release|Any CPU
		{32FFC56E-55F0-4019-904D-D1E23976FF07}.Debug|Any CPU.ActiveCfg = Debug|Any CPU
		{32FFC56E-55F0-4019-904D-D1E23976FF07}.Debug|Any CPU.Build.0 = Debug|Any CPU
		{32FFC56E-55F0-4019-904D-D1E23976FF07}.Release|Any CPU.ActiveCfg = Release|Any CPU
		{32FFC56E-55F0-4019-904D-D1E23976FF07}.Release|Any CPU.Build.0 = Release|Any CPU
	EndGlobalSection
	GlobalSection(SolutionProperties) = preSolution
		HideSolutionNode = FALSE
	EndGlobalSection
	GlobalSection(ExtensibilityGlobals) = postSolution
		SolutionGuid = {CDD283E8-D823-4BC9-88CD-3C3512B65766}
	EndGlobalSection
EndGlobal
